Microsoft Visual Studio Solution File, Format Version 12.00
# Visual Studio Version 17
VisualStudioVersion = 17.5.2.0
MinimumVisualStudioVersion = 10.0.40219.1
Project("{2150E333-8FDC-42A3-9474-1A3956D46DE8}") = "tailscale", "tailscale", "{91CD63DA-6F2C-77CC-B2A9-0BEC89135193}"
EndProject
Project("{FAE04EC0-301F-11D3-BF4B-00C04F79EFBC}") = "BridgeApp", "tailscale\BridgeApp\BridgeApp.csproj", "{05813B0C-60EE-5A5F-4FEC-EF459272357B}"
EndProject
Global
	GlobalSection(SolutionConfigurationPlatforms) = preSolution
		Debug|Any CPU = Debug|Any CPU
		Release|Any CPU = Release|Any CPU
	EndGlobalSection
	GlobalSection(ProjectConfigurationPlatforms) = postSolution
		{05813B0C-60EE-5A5F-4FEC-EF459272357B}.Debug|Any CPU.ActiveCfg = Debug|Any CPU
		{05813B0C-60EE-5A5F-4FEC-EF459272357B}.Debug|Any CPU.Build.0 = Debug|Any CPU
		{05813B0C-60EE-5A5F-4FEC-EF459272357B}.Release|Any CPU.ActiveCfg = Release|Any CPU
		{05813B0C-60EE-5A5F-4FEC-EF459272357B}.Release|Any CPU.Build.0 = Release|Any CPU
	EndGlobalSection
	GlobalSection(SolutionProperties) = preSolution
		HideSolutionNode = FALSE
	EndGlobalSection
	GlobalSection(NestedProjects) = preSolution
		{05813B0C-60EE-5A5F-4FEC-EF459272357B} = {91CD63DA-6F2C-77CC-B2A9-0BEC89135193}
	EndGlobalSection
	GlobalSection(ExtensibilityGlobals) = postSolution
		SolutionGuid = {D647A066-6528-486A-8AB7-D58890C71AEA}
	EndGlobalSection
EndGlobal
